
Microsoft Visual Studio Solution File, Format Version 12.00
# Visual Studio 15
VisualStudioVersion = 15.0.27428.2037
MinimumVisualStudioVersion = 10.0.40219.1
Project("{FAE04EC0-301F-11D3-BF4B-00C04F79EFBC}") = "homework04", "homework04\homework04.csproj", "{BF3C5FB1-9DB7-463C-B42F-926D65EE270D}"
EndProject
Project("{FAE04EC0-301F-11D3-BF4B-00C04F79EFBC}") = "WebApplication", "WebApplication\WebApplication.csproj", "{AC280E1A-A4E2-4DE0-ABB6-1C5A327E670F}"
EndProject
Project("{2150E333-8FDC-42A3-9474-1A3956D46DE8}") = "XML Files", "XML Files", "{89587F11-BA30-431B-8E04-3E42B03A02BD}"
	ProjectSection(SolutionItems) = preProject
		Hotels.xml = Hotels.xml
		Hotels.xsd = Hotels.xsd
	EndProjectSection
EndProject
Project("{FAE04EC0-301F-11D3-BF4B-00C04F79EFBC}") = "GUI", "GUI\GUI.csproj", "{392EB73B-973E-46D7-8A49-4ADAAD66C01D}"
EndProject
Global
	GlobalSection(SolutionConfigurationPlatforms) = preSolution
		Debug|Any CPU = Debug|Any CPU
		Release|Any CPU = Release|Any CPU
	EndGlobalSection
	GlobalSection(ProjectConfigurationPlatforms) = postSolution
		{BF3C5FB1-9DB7-463C-B42F-926D65EE270D}.Debug|Any CPU.ActiveCfg = Debug|Any CPU
		{BF3C5FB1-9DB7-463C-B42F-926D65EE270D}.Debug|Any CPU.Build.0 = Debug|Any CPU
		{BF3C5FB1-9DB7-463C-B42F-926D65EE270D}.Release|Any CPU.ActiveCfg = Release|Any CPU
		{BF3C5FB1-9DB7-463C-B42F-926D65EE270D}.Release|Any CPU.Build.0 = Release|Any CPU
		{AC280E1A-A4E2-4DE0-ABB6-1C5A327E670F}.Debug|Any CPU.ActiveCfg = Debug|Any CPU
		{AC280E1A-A4E2-4DE0-ABB6-1C5A327E670F}.Debug|Any CPU.Build.0 = Debug|Any CPU
		{AC280E1A-A4E2-4DE0-ABB6-1C5A327E670F}.Release|Any CPU.ActiveCfg = Release|Any CPU
		{AC280E1A-A4E2-4DE0-ABB6-1C5A327E670F}.Release|Any CPU.Build.0 = Release|Any CPU
		{392EB73B-973E-46D7-8A49-4ADAAD66C01D}.Debug|Any CPU.ActiveCfg = Debug|Any CPU
		{392EB73B-973E-46D7-8A49-4ADAAD66C01D}.Debug|Any CPU.Build.0 = Debug|Any CPU
		{392EB73B-973E-46D7-8A49-4ADAAD66C01D}.Release|Any CPU.ActiveCfg = Release|Any CPU
		{392EB73B-973E-46D7-8A49-4ADAAD66C01D}.Release|Any CPU.Build.0 = Release|Any CPU
	EndGlobalSection
	GlobalSection(SolutionProperties) = preSolution
		HideSolutionNode = FALSE
	EndGlobalSection
	GlobalSection(ExtensibilityGlobals) = postSolution
		SolutionGuid = {5EE072F4-6FBD-4EB1-ADE5-39C4735148F9}
	EndGlobalSection
EndGlobal
